dependencies:
  espressif/cmake_utilities:
    dependencies: []
    source:
      path: E:\Repos\espWirelessDataAcquisition\HDsEMG-for-ESP32S3\components\espressif__cmake_utilities
      type: local
    version: 0.5.3
  espressif/esp-now:
    dependencies: []
    source:
      path: E:\Repos\espWirelessDataAcquisition\HDsEMG-for-ESP32S3\components\espressif__esp-now
      type: local
    version: 2.5.0
  idf:
    source:
      type: idf
    version: 5.4.0
direct_dependencies:
- espressif/cmake_utilities
- espressif/esp-now
- idf
manifest_hash: 448f892b475e8fadd8ab1797120b85200c4bc4c52eff32122260dd118d406959
target: esp32s3
version: 2.0.0
